
Microsoft Visual Studio Solution File, Format Version 12.00
# Visual Studio Version 16
VisualStudioVersion = 16.0.29020.237
MinimumVisualStudioVersion = 10.0.40219.1
Project("{9A19103F-16F7-4668-BE54-9A1E7A4F7556}") = "Entity", "Entity\Entity.csproj", "{4EDBC291-E1EF-4F2D-9FC0-3BC3CFB414E8}"
EndProject
Project("{9A19103F-16F7-4668-BE54-9A1E7A4F7556}") = "DataAccess", "DataAccess\DataAccess.csproj", "{4D73FADA-ABBA-46D5-940A-E5E67A9F1CC0}"
EndProject
Project("{9A19103F-16F7-4668-BE54-9A1E7A4F7556}") = "Logic", "Logic\Logic.csproj", "{CB29BB35-E035-4BA8-9FF5-19FB7635FE55}"
EndProject
Project("{9A19103F-16F7-4668-BE54-9A1E7A4F7556}") = "API", "API\API.csproj", "{30FE2DAE-2632-42C9-9E57-692F70278BFE}"
EndProject
Project("{9A19103F-16F7-4668-BE54-9A1E7A4F7556}") = "ConsoleApp", "ConsoleApp\ConsoleApp.csproj", "{D111F284-CF97-46D0-8357-528F2E1ADB98}"
EndProject
Project("{2150E333-8FDC-42A3-9474-1A3956D46DE8}") = "Tests", "Tests", "{F2394637-9208-4290-B5D5-4A766EE01EF9}"
EndProject
Project("{9A19103F-16F7-4668-BE54-9A1E7A4F7556}") = "Entity.Tests", "Entity.Tests\Entity.Tests.csproj", "{FDD8A7ED-D6E7-40E4-9EED-4B5CD7387CD0}"
EndProject
Project("{9A19103F-16F7-4668-BE54-9A1E7A4F7556}") = "Ticker", "Ticker\Ticker.csproj", "{418A1BA5-D70A-4710-876B-D5E6C18BE6B8}"
EndProject
Project("{9A19103F-16F7-4668-BE54-9A1E7A4F7556}") = "APIModel", "APIModel\APIModel.csproj", "{E7B5649C-63EC-498A-904E-074188A1EBEE}"
EndProject
Project("{9A19103F-16F7-4668-BE54-9A1E7A4F7556}") = "Util", "Util\Util.csproj", "{6C3D507C-C952-4A79-9F2F-1720AB1FD15A}"
EndProject
Project("{9A19103F-16F7-4668-BE54-9A1E7A4F7556}") = "Infrastructure", "Infrastructure\Infrastructure.csproj", "{53608C5F-2A71-41DF-A6D8-45267EA93349}"
EndProject
Project("{9A19103F-16F7-4668-BE54-9A1E7A4F7556}") = "Auth", "Auth\Auth.csproj", "{684C89DB-F61D-4499-AF11-94106DF0FFA0}"
EndProject
Project("{FAE04EC0-301F-11D3-BF4B-00C04F79EFBC}") = "WebApp", "WebApp\WebApp.csproj", "{0A1FC1DA-D0D4-4C5B-B634-C3C9C9378727}"
EndProject
Global
	GlobalSection(SolutionConfigurationPlatforms) = preSolution
		Debug|Any CPU = Debug|Any CPU
		Release|Any CPU = Release|Any CPU
	EndGlobalSection
	GlobalSection(ProjectConfigurationPlatforms) = postSolution
		{4EDBC291-E1EF-4F2D-9FC0-3BC3CFB414E8}.Debug|Any CPU.ActiveCfg = Debug|Any CPU
		{4EDBC291-E1EF-4F2D-9FC0-3BC3CFB414E8}.Debug|Any CPU.Build.0 = Debug|Any CPU
		{4EDBC291-E1EF-4F2D-9FC0-3BC3CFB414E8}.Release|Any CPU.ActiveCfg = Release|Any CPU
		{4EDBC291-E1EF-4F2D-9FC0-3BC3CFB414E8}.Release|Any CPU.Build.0 = Release|Any CPU
		{4D73FADA-ABBA-46D5-940A-E5E67A9F1CC0}.Debug|Any CPU.ActiveCfg = Debug|Any CPU
		{4D73FADA-ABBA-46D5-940A-E5E67A9F1CC0}.Debug|Any CPU.Build.0 = Debug|Any CPU
		{4D73FADA-ABBA-46D5-940A-E5E67A9F1CC0}.Release|Any CPU.ActiveCfg = Release|Any CPU
		{4D73FADA-ABBA-46D5-940A-E5E67A9F1CC0}.Release|Any CPU.Build.0 = Release|Any CPU
		{CB29BB35-E035-4BA8-9FF5-19FB7635FE55}.Debug|Any CPU.ActiveCfg = Debug|Any CPU
		{CB29BB35-E035-4BA8-9FF5-19FB7635FE55}.Debug|Any CPU.Build.0 = Debug|Any CPU
		{CB29BB35-E035-4BA8-9FF5-19FB7635FE55}.Release|Any CPU.ActiveCfg = Release|Any CPU
		{CB29BB35-E035-4BA8-9FF5-19FB7635FE55}.Release|Any CPU.Build.0 = Release|Any CPU
		{30FE2DAE-2632-42C9-9E57-692F70278BFE}.Debug|Any CPU.ActiveCfg = Debug|Any CPU
		{30FE2DAE-2632-42C9-9E57-692F70278BFE}.Debug|Any CPU.Build.0 = Debug|Any CPU
		{30FE2DAE-2632-42C9-9E57-692F70278BFE}.Release|Any CPU.ActiveCfg = Release|Any CPU
		{30FE2DAE-2632-42C9-9E57-692F70278BFE}.Release|Any CPU.Build.0 = Release|Any CPU
		{D111F284-CF97-46D0-8357-528F2E1ADB98}.Debug|Any CPU.ActiveCfg = Debug|Any CPU
		{D111F284-CF97-46D0-8357-528F2E1ADB98}.Debug|Any CPU.Build.0 = Debug|Any CPU
		{D111F284-CF97-46D0-8357-528F2E1ADB98}.Release|Any CPU.ActiveCfg = Release|Any CPU
		{D111F284-CF97-46D0-8357-528F2E1ADB98}.Release|Any CPU.Build.0 = Release|Any CPU
		{FDD8A7ED-D6E7-40E4-9EED-4B5CD7387CD0}.Debug|Any CPU.ActiveCfg = Debug|Any CPU
		{FDD8A7ED-D6E7-40E4-9EED-4B5CD7387CD0}.Debug|Any CPU.Build.0 = Debug|Any CPU
		{FDD8A7ED-D6E7-40E4-9EED-4B5CD7387CD0}.Release|Any CPU.ActiveCfg = Release|Any CPU
		{FDD8A7ED-D6E7-40E4-9EED-4B5CD7387CD0}.Release|Any CPU.Build.0 = Release|Any CPU
		{418A1BA5-D70A-4710-876B-D5E6C18BE6B8}.Debug|Any CPU.ActiveCfg = Debug|Any CPU
		{418A1BA5-D70A-4710-876B-D5E6C18BE6B8}.Debug|Any CPU.Build.0 = Debug|Any CPU
		{418A1BA5-D70A-4710-876B-D5E6C18BE6B8}.Release|Any CPU.ActiveCfg = Release|Any CPU
		{418A1BA5-D70A-4710-876B-D5E6C18BE6B8}.Release|Any CPU.Build.0 = Release|Any CPU
		{E7B5649C-63EC-498A-904E-074188A1EBEE}.Debug|Any CPU.ActiveCfg = Debug|Any CPU
		{E7B5649C-63EC-498A-904E-074188A1EBEE}.Debug|Any CPU.Build.0 = Debug|Any CPU
		{E7B5649C-63EC-498A-904E-074188A1EBEE}.Release|Any CPU.ActiveCfg = Release|Any CPU
		{E7B5649C-63EC-498A-904E-074188A1EBEE}.Release|Any CPU.Build.0 = Release|Any CPU
		{6C3D507C-C952-4A79-9F2F-1720AB1FD15A}.Debug|Any CPU.ActiveCfg = Debug|Any CPU
		{6C3D507C-C952-4A79-9F2F-1720AB1FD15A}.Debug|Any CPU.Build.0 = Debug|Any CPU
		{6C3D507C-C952-4A79-9F2F-1720AB1FD15A}.Release|Any CPU.ActiveCfg = Release|Any CPU
		{6C3D507C-C952-4A79-9F2F-1720AB1FD15A}.Release|Any CPU.Build.0 = Release|Any CPU
		{53608C5F-2A71-41DF-A6D8-45267EA93349}.Debug|Any CPU.ActiveCfg = Debug|Any CPU
		{53608C5F-2A71-41DF-A6D8-45267EA93349}.Debug|Any CPU.Build.0 = Debug|Any CPU
		{53608C5F-2A71-41DF-A6D8-45267EA93349}.Release|Any CPU.ActiveCfg = Release|Any CPU
		{53608C5F-2A71-41DF-A6D8-45267EA93349}.Release|Any CPU.Build.0 = Release|Any CPU
		{684C89DB-F61D-4499-AF11-94106DF0FFA0}.Debug|Any CPU.ActiveCfg = Debug|Any CPU
		{684C89DB-F61D-4499-AF11-94106DF0FFA0}.Debug|Any CPU.Build.0 = Debug|Any CPU
		{684C89DB-F61D-4499-AF11-94106DF0FFA0}.Release|Any CPU.ActiveCfg = Release|Any CPU
		{684C89DB-F61D-4499-AF11-94106DF0FFA0}.Release|Any CPU.Build.0 = Release|Any CPU
		{0A1FC1DA-D0D4-4C5B-B634-C3C9C9378727}.Debug|Any CPU.ActiveCfg = Debug|Any CPU
		{0A1FC1DA-D0D4-4C5B-B634-C3C9C9378727}.Debug|Any CPU.Build.0 = Debug|Any CPU
		{0A1FC1DA-D0D4-4C5B-B634-C3C9C9378727}.Release|Any CPU.ActiveCfg = Release|Any CPU
		{0A1FC1DA-D0D4-4C5B-B634-C3C9C9378727}.Release|Any CPU.Build.0 = Release|Any CPU
	EndGlobalSection
	GlobalSection(SolutionProperties) = preSolution
		HideSolutionNode = FALSE
	EndGlobalSection
	GlobalSection(NestedProjects) = preSolution
		{FDD8A7ED-D6E7-40E4-9EED-4B5CD7387CD0} = {F2394637-9208-4290-B5D5-4A766EE01EF9}
	EndGlobalSection
	GlobalSection(ExtensibilityGlobals) = postSolution
		SolutionGuid = {90AC4111-E79C-4C9B-BBA7-F49AA77B456C}
	EndGlobalSection
EndGlobal
